{
  "name": "vue-simple-transitions",
  "version": "0.0.2",
  "lockfileVersion": 2,
  "requires": true,
  "packages": {
    "": {
      "name": "vue-simple-transitions",
      "version": "0.0.2",
      "license": "MIT",
      "devDependencies": {
        "@babel/types": "^7.20.2",
        "@types/node": "^18.11.9",
        "husky": "^8.0.2",
        "rimraf": "^4.3.0",
        "typescript": "~4.7.4"
      }
    },
    "node_modules/@babel/helper-string-parser": {
      "version": "7.19.4",
      "resolved": "https://registry.npmjs.org/@babel/helper-string-parser/-/helper-string-parser-7.19.4.tgz",
      "integrity": "sha512-nHtDoQcuqFmwYNYPz3Rah5ph2p8PFeFCsZk9A/48dPc/rGocJ5J3hAAZ7pb76VWX3fZKu+uEr/FhH5jLx7umrw==",
      "dev": true,
      "engines": {
        "node": ">=6.9.0"
      }
    },
    "node_modules/@babel/helper-validator-identifier": {
      "version": "7.19.1",
      "resolved": "https://registry.npmjs.org/@babel/helper-validator-identifier/-/helper-validator-identifier-7.19.1.tgz",
      "integrity": "sha512-awrNfaMtnHUr653GgGEs++LlAvW6w+DcPrOliSMXWCKo597CwL5Acf/wWdNkf/tfEQE3mjkeD1YOVZOUV/od1w==",
      "dev": true,
      "engines": {
        "node": ">=6.9.0"
      }
    },
    "node_modules/@babel/types": {
      "version": "7.20.2",
      "resolved": "https://registry.npmjs.org/@babel/types/-/types-7.20.2.tgz",
      "integrity": "sha512-FnnvsNWgZCr232sqtXggapvlkk/tuwR/qhGzcmxI0GXLCjmPYQPzio2FbdlWuY6y1sHFfQKk+rRbUZ9VStQMog==",
      "dev": true,
      "dependencies": {
        "@babel/helper-string-parser": "^7.19.4",
        "@babel/helper-validator-identifier": "^7.19.1",
        "to-fast-properties": "^2.0.0"
      },
      "engines": {
        "node": ">=6.9.0"
      }
    },
    "node_modules/@types/node": {
      "version": "18.11.9",
      "resolved": "https://registry.npmjs.org/@types/node/-/node-18.11.9.tgz",
      "integrity": "sha512-CRpX21/kGdzjOpFsZSkcrXMGIBWMGNIHXXBVFSH+ggkftxg+XYP20TESbh+zFvFj3EQOl5byk0HTRn1IL6hbqg==",
      "dev": true
    },
    "node_modules/balanced-match": {
      "version": "1.0.2",
      "resolved": "https://registry.npmjs.org/balanced-match/-/balanced-match-1.0.2.tgz",
      "integrity": "sha512-3oSeUO0TMV67hN1AmbXsK4yaqU7tjiHlbxRDZOpH0KW9+CeX4bRAaX0Anxt0tx2MrpRpWwQaPwIlISEJhYU5Pw==",
      "dev": true
    },
    "node_modules/brace-expansion": {
      "version": "2.0.1",
      "resolved": "https://registry.npmjs.org/brace-expansion/-/brace-expansion-2.0.1.tgz",
      "integrity": "sha512-XnAIvQ8eM+kC6aULx6wuQiwVsnzsi9d3WxzV3FpWTGA19F621kwdbsAcFKXgKUHZWsy+mY6iL1sHTxWEFCytDA==",
      "dev": true,
      "dependencies": {
        "balanced-match": "^1.0.0"
      }
    },
    "node_modules/fs.realpath": {
      "version": "1.0.0",
      "resolved": "https://registry.npmjs.org/fs.realpath/-/fs.realpath-1.0.0.tgz",
      "integrity": "sha512-OO0pH2lK6a0hZnAdau5ItzHPI6pUlvI7jMVnxUQRtw4owF2wk8lOSabtGDCTP4Ggrg2MbGnWO9X8K1t4+fGMDw==",
      "dev": true
    },
    "node_modules/glob": {
      "version": "9.2.1",
      "resolved": "https://registry.npmjs.org/glob/-/glob-9.2.1.tgz",
      "integrity": "sha512-Pxxgq3W0HyA3XUvSXcFhRSs+43Jsx0ddxcFrbjxNGkL2Ak5BAUBxLqI5G6ADDeCHLfzzXFhe0b1yYcctGmytMA==",
      "dev": true,
      "dependencies": {
        "fs.realpath": "^1.0.0",
        "minimatch": "^7.4.1",
        "minipass": "^4.2.4",
        "path-scurry": "^1.6.1"
      },
      "engines": {
        "node": ">=16 || 14 >=14.17"
      },
      "funding": {
        "url": "https://github.com/sponsors/isaacs"
      }
    },
    "node_modules/husky": {
      "version": "8.0.2",
      "resolved": "https://registry.npmjs.org/husky/-/husky-8.0.2.tgz",
      "integrity": "sha512-Tkv80jtvbnkK3mYWxPZePGFpQ/tT3HNSs/sasF9P2YfkMezDl3ON37YN6jUUI4eTg5LcyVynlb6r4eyvOmspvg==",
      "dev": true,
      "bin": {
        "husky": "lib/bin.js"
      },
      "engines": {
        "node": ">=14"
      },
      "funding": {
        "url": "https://github.com/sponsors/typicode"
      }
    },
    "node_modules/lru-cache": {
      "version": "7.18.3",
      "resolved": "https://registry.npmjs.org/lru-cache/-/lru-cache-7.18.3.tgz",
      "integrity": "sha512-jumlc0BIUrS3qJGgIkWZsyfAM7NCWiBcCDhnd+3NNM5KbBmLTgHVfWBcg6W+rLUsIpzpERPsvwUP7CckAQSOoA==",
      "dev": true,
      "engines": {
        "node": ">=12"
      }
    },
    "node_modules/minimatch": {
      "version": "7.4.2",
      "resolved": "https://registry.npmjs.org/minimatch/-/minimatch-7.4.2.tgz",
      "integrity": "sha512-xy4q7wou3vUoC9k1xGTXc+awNdGaGVHtFUaey8tiX4H1QRc04DZ/rmDFwNm2EBsuYEhAZ6SgMmYf3InGY6OauA==",
      "dev": true,
      "dependencies": {
        "brace-expansion": "^2.0.1"
      },
      "engines": {
        "node": ">=10"
      },
      "funding": {
        "url": "https://github.com/sponsors/isaacs"
      }
    },
    "node_modules/minipass": {
      "version": "4.2.4",
      "resolved": "https://registry.npmjs.org/minipass/-/minipass-4.2.4.tgz",
      "integrity": "sha512-lwycX3cBMTvcejsHITUgYj6Gy6A7Nh4Q6h9NP4sTHY1ccJlC7yKzDmiShEHsJ16Jf1nKGDEaiHxiltsJEvk0nQ==",
      "dev": true,
      "engines": {
        "node": ">=8"
      }
    },
    "node_modules/path-scurry": {
      "version": "1.6.1",
      "resolved": "https://registry.npmjs.org/path-scurry/-/path-scurry-1.6.1.tgz",
      "integrity": "sha512-OW+5s+7cw6253Q4E+8qQ/u1fVvcJQCJo/VFD8pje+dbJCF1n5ZRMV2AEHbGp+5Q7jxQIYJxkHopnj6nzdGeZLA==",
      "dev": true,
      "dependencies": {
        "lru-cache": "^7.14.1",
        "minipass": "^4.0.2"
      },
      "engines": {
        "node": ">=14"
      },
      "funding": {
        "url": "https://github.com/sponsors/isaacs"
      }
    },
    "node_modules/rimraf": {
      "version": "4.3.0",
      "resolved": "https://registry.npmjs.org/rimraf/-/rimraf-4.3.0.tgz",
      "integrity": "sha512-5qVDXPbByA1qSJEWMv1qAwKsoS22vVpsL2QyxCKBw4gf6XiFo1K3uRLY6uSOOBFDwnqAZtnbILqWKKlzh8bkGg==",
      "dev": true,
      "dependencies": {
        "glob": "^9.2.0"
      },
      "bin": {
        "rimraf": "dist/cjs/src/bin.js"
      },
      "engines": {
        "node": ">=14"
      },
      "funding": {
        "url": "https://github.com/sponsors/isaacs"
      }
    },
    "node_modules/to-fast-properties": {
      "version": "2.0.0",
      "resolved": "https://registry.npmjs.org/to-fast-properties/-/to-fast-properties-2.0.0.tgz",
      "integrity": "sha512-/OaKK0xYrs3DmxRYqL/yDc+FxFUVYhDlXMhRmv3z915w2HF1tnN1omB354j8VUGO/hbRzyD6Y3sA7v7GS/ceog==",
      "dev": true,
      "engines": {
        "node": ">=4"
      }
    },
    "node_modules/typescript": {
      "version": "4.7.4",
      "resolved": "https://registry.npmjs.org/typescript/-/typescript-4.7.4.tgz",
      "integrity": "sha512-C0WQT0gezHuw6AdY1M2jxUO83Rjf0HP7Sk1DtXj6j1EwkQNZrHAg2XPWlq62oqEhYvONq5pkC2Y9oPljWToLmQ==",
      "dev": true,
      "bin": {
        "tsc": "bin/tsc",
        "tsserver": "bin/tsserver"
      },
      "engines": {
        "node": ">=4.2.0"
      }
    }
  },
  "dependencies": {
    "@babel/helper-string-parser": {
      "version": "7.19.4",
      "resolved": "https://registry.npmjs.org/@babel/helper-string-parser/-/helper-string-parser-7.19.4.tgz",
      "integrity": "sha512-nHtDoQcuqFmwYNYPz3Rah5ph2p8PFeFCsZk9A/48dPc/rGocJ5J3hAAZ7pb76VWX3fZKu+uEr/FhH5jLx7umrw==",
      "dev": true
    },
    "@babel/helper-validator-identifier": {
      "version": "7.19.1",
      "resolved": "https://registry.npmjs.org/@babel/helper-validator-identifier/-/helper-validator-identifier-7.19.1.tgz",
      "integrity": "sha512-awrNfaMtnHUr653GgGEs++LlAvW6w+DcPrOliSMXWCKo597CwL5Acf/wWdNkf/tfEQE3mjkeD1YOVZOUV/od1w==",
      "dev": true
    },
    "@babel/types": {
      "version": "7.20.2",
      "resolved": "https://registry.npmjs.org/@babel/types/-/types-7.20.2.tgz",
      "integrity": "sha512-FnnvsNWgZCr232sqtXggapvlkk/tuwR/qhGzcmxI0GXLCjmPYQPzio2FbdlWuY6y1sHFfQKk+rRbUZ9VStQMog==",
      "dev": true,
      "requires": {
        "@babel/helper-string-parser": "^7.19.4",
        "@babel/helper-validator-identifier": "^7.19.1",
        "to-fast-properties": "^2.0.0"
      }
    },
    "@types/node": {
      "version": "18.11.9",
      "resolved": "https://registry.npmjs.org/@types/node/-/node-18.11.9.tgz",
      "integrity": "sha512-CRpX21/kGdzjOpFsZSkcrXMGIBWMGNIHXXBVFSH+ggkftxg+XYP20TESbh+zFvFj3EQOl5byk0HTRn1IL6hbqg==",
      "dev": true
    },
    "balanced-match": {
      "version": "1.0.2",
      "resolved": "https://registry.npmjs.org/balanced-match/-/balanced-match-1.0.2.tgz",
      "integrity": "sha512-3oSeUO0TMV67hN1AmbXsK4yaqU7tjiHlbxRDZOpH0KW9+CeX4bRAaX0Anxt0tx2MrpRpWwQaPwIlISEJhYU5Pw==",
      "dev": true
    },
    "brace-expansion": {
      "version": "2.0.1",
      "resolved": "https://registry.npmjs.org/brace-expansion/-/brace-expansion-2.0.1.tgz",
      "integrity": "sha512-XnAIvQ8eM+kC6aULx6wuQiwVsnzsi9d3WxzV3FpWTGA19F621kwdbsAcFKXgKUHZWsy+mY6iL1sHTxWEFCytDA==",
      "dev": true,
      "requires": {
        "balanced-match": "^1.0.0"
      }
    },
    "fs.realpath": {
      "version": "1.0.0",
      "resolved": "https://registry.npmjs.org/fs.realpath/-/fs.realpath-1.0.0.tgz",
      "integrity": "sha512-OO0pH2lK6a0hZnAdau5ItzHPI6pUlvI7jMVnxUQRtw4owF2wk8lOSabtGDCTP4Ggrg2MbGnWO9X8K1t4+fGMDw==",
      "dev": true
    },
    "glob": {
      "version": "9.2.1",
      "resolved": "https://registry.npmjs.org/glob/-/glob-9.2.1.tgz",
      "integrity": "sha512-Pxxgq3W0HyA3XUvSXcFhRSs+43Jsx0ddxcFrbjxNGkL2Ak5BAUBxLqI5G6ADDeCHLfzzXFhe0b1yYcctGmytMA==",
      "dev": true,
      "requires": {
        "fs.realpath": "^1.0.0",
        "minimatch": "^7.4.1",
        "minipass": "^4.2.4",
        "path-scurry": "^1.6.1"
      }
    },
    "husky": {
      "version": "8.0.2",
      "resolved": "https://registry.npmjs.org/husky/-/husky-8.0.2.tgz",
      "integrity": "sha512-Tkv80jtvbnkK3mYWxPZePGFpQ/tT3HNSs/sasF9P2YfkMezDl3ON37YN6jUUI4eTg5LcyVynlb6r4eyvOmspvg==",
      "dev": true
    },
    "lru-cache": {
      "version": "7.18.3",
      "resolved": "https://registry.npmjs.org/lru-cache/-/lru-cache-7.18.3.tgz",
      "integrity": "sha512-jumlc0BIUrS3qJGgIkWZsyfAM7NCWiBcCDhnd+3NNM5KbBmLTgHVfWBcg6W+rLUsIpzpERPsvwUP7CckAQSOoA==",
      "dev": true
    },
    "minimatch": {
      "version": "7.4.2",
      "resolved": "https://registry.npmjs.org/minimatch/-/minimatch-7.4.2.tgz",
      "integrity": "sha512-xy4q7wou3vUoC9k1xGTXc+awNdGaGVHtFUaey8tiX4H1QRc04DZ/rmDFwNm2EBsuYEhAZ6SgMmYf3InGY6OauA==",
      "dev": true,
      "requires": {
        "brace-expansion": "^2.0.1"
      }
    },
    "minipass": {
      "version": "4.2.4",
      "resolved": "https://registry.npmjs.org/minipass/-/minipass-4.2.4.tgz",
      "integrity": "sha512-lwycX3cBMTvcejsHITUgYj6Gy6A7Nh4Q6h9NP4sTHY1ccJlC7yKzDmiShEHsJ16Jf1nKGDEaiHxiltsJEvk0nQ==",
      "dev": true
    },
    "path-scurry": {
      "version": "1.6.1",
      "resolved": "https://registry.npmjs.org/path-scurry/-/path-scurry-1.6.1.tgz",
      "integrity": "sha512-OW+5s+7cw6253Q4E+8qQ/u1fVvcJQCJo/VFD8pje+dbJCF1n5ZRMV2AEHbGp+5Q7jxQIYJxkHopnj6nzdGeZLA==",
      "dev": true,
      "requires": {
        "lru-cache": "^7.14.1",
        "minipass": "^4.0.2"
      }
    },
    "rimraf": {
      "version": "4.3.0",
      "resolved": "https://registry.npmjs.org/rimraf/-/rimraf-4.3.0.tgz",
      "integrity": "sha512-5qVDXPbByA1qSJEWMv1qAwKsoS22vVpsL2QyxCKBw4gf6XiFo1K3uRLY6uSOOBFDwnqAZtnbILqWKKlzh8bkGg==",
      "dev": true,
      "requires": {
        "glob": "^9.2.0"
      }
    },
    "to-fast-properties": {
      "version": "2.0.0",
      "resolved": "https://registry.npmjs.org/to-fast-properties/-/to-fast-properties-2.0.0.tgz",
      "integrity": "sha512-/OaKK0xYrs3DmxRYqL/yDc+FxFUVYhDlXMhRmv3z915w2HF1tnN1omB354j8VUGO/hbRzyD6Y3sA7v7GS/ceog==",
      "dev": true
    },
    "typescript": {
      "version": "4.7.4",
      "resolved": "https://registry.npmjs.org/typescript/-/typescript-4.7.4.tgz",
      "integrity": "sha512-C0WQT0gezHuw6AdY1M2jxUO83Rjf0HP7Sk1DtXj6j1EwkQNZrHAg2XPWlq62oqEhYvONq5pkC2Y9oPljWToLmQ==",
      "dev": true
    }
  }
}
